
Microsoft Visual Studio Solution File, Format Version 12.00
# Visual Studio 2013
VisualStudioVersion = 12.0.31101.0
MinimumVisualStudioVersion = 10.0.40219.1
Project("{2150E333-8FDC-42A3-9474-1A3956D46DE8}") = "Client", "Client", "{DD8A155F-E69B-4C98-990A-2A6901111802}"
EndProject
Project("{2150E333-8FDC-42A3-9474-1A3956D46DE8}") = "Server", "Server", "{3ABA70B4-80EB-4B26-8CDB-11A624224E9E}"
EndProject
Project("{2150E333-8FDC-42A3-9474-1A3956D46DE8}") = "Test", "Test", "{21605CF6-584E-4006-BA26-2BFCACA0E731}"
EndProject
Project("{FAE04EC0-301F-11D3-BF4B-00C04F79EFBC}") = "Server.Data", "Server.Data\Server.Data.csproj", "{0EBEDC96-0D9B-4AB7-A277-8AE7D8326014}"
EndProject
Project("{FAE04EC0-301F-11D3-BF4B-00C04F79EFBC}") = "Server.Business", "Server.Business\Server.Business.csproj", "{B1508440-4E8D-47D7-89E1-2E7D8BBF9DF3}"
EndProject
Project("{FAE04EC0-301F-11D3-BF4B-00C04F79EFBC}") = "Server.Services", "Server.Services\Server.Services.csproj", "{EEFFF4DC-ED62-49A3-B2EA-6DBDA3B1B9AB}"
EndProject
Project("{FAE04EC0-301F-11D3-BF4B-00C04F79EFBC}") = "Client.App", "Client.App\Client.App.csproj", "{E9FE639C-2B10-46DD-A069-7406EDD135B8}"
EndProject
Global
	GlobalSection(SolutionConfigurationPlatforms) = preSolution
		Debug|Any CPU = Debug|Any CPU
		Release|Any CPU = Release|Any CPU
	EndGlobalSection
	GlobalSection(ProjectConfigurationPlatforms) = postSolution
		{0EBEDC96-0D9B-4AB7-A277-8AE7D8326014}.Debug|Any CPU.ActiveCfg = Debug|Any CPU
		{0EBEDC96-0D9B-4AB7-A277-8AE7D8326014}.Debug|Any CPU.Build.0 = Debug|Any CPU
		{0EBEDC96-0D9B-4AB7-A277-8AE7D8326014}.Release|Any CPU.ActiveCfg = Release|Any CPU
		{0EBEDC96-0D9B-4AB7-A277-8AE7D8326014}.Release|Any CPU.Build.0 = Release|Any CPU
		{B1508440-4E8D-47D7-89E1-2E7D8BBF9DF3}.Debug|Any CPU.ActiveCfg = Debug|Any CPU
		{B1508440-4E8D-47D7-89E1-2E7D8BBF9DF3}.Debug|Any CPU.Build.0 = Debug|Any CPU
		{B1508440-4E8D-47D7-89E1-2E7D8BBF9DF3}.Release|Any CPU.ActiveCfg = Release|Any CPU
		{B1508440-4E8D-47D7-89E1-2E7D8BBF9DF3}.Release|Any CPU.Build.0 = Release|Any CPU
		{EEFFF4DC-ED62-49A3-B2EA-6DBDA3B1B9AB}.Debug|Any CPU.ActiveCfg = Debug|Any CPU
		{EEFFF4DC-ED62-49A3-B2EA-6DBDA3B1B9AB}.Debug|Any CPU.Build.0 = Debug|Any CPU
		{EEFFF4DC-ED62-49A3-B2EA-6DBDA3B1B9AB}.Release|Any CPU.ActiveCfg = Release|Any CPU
		{EEFFF4DC-ED62-49A3-B2EA-6DBDA3B1B9AB}.Release|Any CPU.Build.0 = Release|Any CPU
		{E9FE639C-2B10-46DD-A069-7406EDD135B8}.Debug|Any CPU.ActiveCfg = Debug|Any CPU
		{E9FE639C-2B10-46DD-A069-7406EDD135B8}.Debug|Any CPU.Build.0 = Debug|Any CPU
		{E9FE639C-2B10-46DD-A069-7406EDD135B8}.Release|Any CPU.ActiveCfg = Release|Any CPU
		{E9FE639C-2B10-46DD-A069-7406EDD135B8}.Release|Any CPU.Build.0 = Release|Any CPU
	EndGlobalSection
	GlobalSection(SolutionProperties) = preSolution
		HideSolutionNode = FALSE
	EndGlobalSection
	GlobalSection(NestedProjects) = preSolution
		{0EBEDC96-0D9B-4AB7-A277-8AE7D8326014} = {3ABA70B4-80EB-4B26-8CDB-11A624224E9E}
		{B1508440-4E8D-47D7-89E1-2E7D8BBF9DF3} = {3ABA70B4-80EB-4B26-8CDB-11A624224E9E}
		{EEFFF4DC-ED62-49A3-B2EA-6DBDA3B1B9AB} = {3ABA70B4-80EB-4B26-8CDB-11A624224E9E}
		{E9FE639C-2B10-46DD-A069-7406EDD135B8} = {DD8A155F-E69B-4C98-990A-2A6901111802}
	EndGlobalSection
EndGlobal
